
Microsoft Visual Studio Solution File, Format Version 12.00
# Visual Studio 14
VisualStudioVersion = 14.0.25420.1
MinimumVisualStudioVersion = 10.0.40219.1
Project("{FAE04EC0-301F-11D3-BF4B-00C04F79EFBC}") = "Game", "Game\Game.csproj", "{83DE2C34-65B2-4362-91A8-B06B96FE6B9C}"
EndProject
Project("{FAE04EC0-301F-11D3-BF4B-00C04F79EFBC}") = "SimTest", "SimTest\SimTest.csproj", "{4E9FF0E6-0C8D-4359-90D3-6B7ED185189F}"
EndProject
Project("{FAE04EC0-301F-11D3-BF4B-00C04F79EFBC}") = "BlackJackConsoleApp", "BlackJackConsoleApp\BlackJackConsoleApp.csproj", "{60940B3A-608B-44DC-BA22-DF1613B1F936}"
EndProject
Global
	GlobalSection(SolutionConfigurationPlatforms) = preSolution
		Debug|Any CPU = Debug|Any CPU
		Release|Any CPU = Release|Any CPU
	EndGlobalSection
	GlobalSection(ProjectConfigurationPlatforms) = postSolution
		{83DE2C34-65B2-4362-91A8-B06B96FE6B9C}.Debug|Any CPU.ActiveCfg = Debug|Any CPU
		{83DE2C34-65B2-4362-91A8-B06B96FE6B9C}.Debug|Any CPU.Build.0 = Debug|Any CPU
		{83DE2C34-65B2-4362-91A8-B06B96FE6B9C}.Release|Any CPU.ActiveCfg = Release|Any CPU
		{83DE2C34-65B2-4362-91A8-B06B96FE6B9C}.Release|Any CPU.Build.0 = Release|Any CPU
		{4E9FF0E6-0C8D-4359-90D3-6B7ED185189F}.Debug|Any CPU.ActiveCfg = Debug|Any CPU
		{4E9FF0E6-0C8D-4359-90D3-6B7ED185189F}.Debug|Any CPU.Build.0 = Debug|Any CPU
		{4E9FF0E6-0C8D-4359-90D3-6B7ED185189F}.Release|Any CPU.ActiveCfg = Release|Any CPU
		{4E9FF0E6-0C8D-4359-90D3-6B7ED185189F}.Release|Any CPU.Build.0 = Release|Any CPU
		{60940B3A-608B-44DC-BA22-DF1613B1F936}.Debug|Any CPU.ActiveCfg = Debug|Any CPU
		{60940B3A-608B-44DC-BA22-DF1613B1F936}.Debug|Any CPU.Build.0 = Debug|Any CPU
		{60940B3A-608B-44DC-BA22-DF1613B1F936}.Release|Any CPU.ActiveCfg = Release|Any CPU
		{60940B3A-608B-44DC-BA22-DF1613B1F936}.Release|Any CPU.Build.0 = Release|Any CPU
	EndGlobalSection
	GlobalSection(SolutionProperties) = preSolution
		HideSolutionNode = FALSE
	EndGlobalSection
EndGlobal
